
Microsoft Visual Studio Solution File, Format Version 12.00
# Visual Studio 15
VisualStudioVersion = 15.0.28010.2050
MinimumVisualStudioVersion = 10.0.40219.1
Project("{9A19103F-16F7-4668-BE54-9A1E7A4F7556}") = "Day1", "Day1\Day1\Day1.csproj", "{04FA3372-D9B1-448E-8E6A-BD4D79A781CC}"
EndProject
Project("{9A19103F-16F7-4668-BE54-9A1E7A4F7556}") = "Day2", "Day2\Day2\Day2.csproj", "{51EA9D0F-31DF-41DB-A760-5F8C37081138}"
EndProject
Project("{9A19103F-16F7-4668-BE54-9A1E7A4F7556}") = "Day3", "Day3\Day3.csproj", "{A84371D6-9D47-4C4B-9CFD-CB243FACCDE0}"
EndProject
Project("{FAE04EC0-301F-11D3-BF4B-00C04F79EFBC}") = "Day4", "Day4\Day4.csproj", "{5639EE89-0EE3-455B-9811-F9D2B96EA115}"
EndProject
Global
	GlobalSection(SolutionConfigurationPlatforms) = preSolution
		Debug|Any CPU = Debug|Any CPU
		Debug|x64 = Debug|x64
		Debug|x86 = Debug|x86
		Release|Any CPU = Release|Any CPU
		Release|x64 = Release|x64
		Release|x86 = Release|x86
	EndGlobalSection
	GlobalSection(ProjectConfigurationPlatforms) = postSolution
		{04FA3372-D9B1-448E-8E6A-BD4D79A781CC}.Debug|Any CPU.ActiveCfg = Debug|Any CPU
		{04FA3372-D9B1-448E-8E6A-BD4D79A781CC}.Debug|Any CPU.Build.0 = Debug|Any CPU
		{04FA3372-D9B1-448E-8E6A-BD4D79A781CC}.Debug|x64.ActiveCfg = Debug|Any CPU
		{04FA3372-D9B1-448E-8E6A-BD4D79A781CC}.Debug|x64.Build.0 = Debug|Any CPU
		{04FA3372-D9B1-448E-8E6A-BD4D79A781CC}.Debug|x86.ActiveCfg = Debug|Any CPU
		{04FA3372-D9B1-448E-8E6A-BD4D79A781CC}.Debug|x86.Build.0 = Debug|Any CPU
		{04FA3372-D9B1-448E-8E6A-BD4D79A781CC}.Release|Any CPU.ActiveCfg = Release|Any CPU
		{04FA3372-D9B1-448E-8E6A-BD4D79A781CC}.Release|Any CPU.Build.0 = Release|Any CPU
		{04FA3372-D9B1-448E-8E6A-BD4D79A781CC}.Release|x64.ActiveCfg = Release|Any CPU
		{04FA3372-D9B1-448E-8E6A-BD4D79A781CC}.Release|x64.Build.0 = Release|Any CPU
		{04FA3372-D9B1-448E-8E6A-BD4D79A781CC}.Release|x86.ActiveCfg = Release|Any CPU
		{04FA3372-D9B1-448E-8E6A-BD4D79A781CC}.Release|x86.Build.0 = Release|Any CPU
		{51EA9D0F-31DF-41DB-A760-5F8C37081138}.Debug|Any CPU.ActiveCfg = Debug|Any CPU
		{51EA9D0F-31DF-41DB-A760-5F8C37081138}.Debug|Any CPU.Build.0 = Debug|Any CPU
		{51EA9D0F-31DF-41DB-A760-5F8C37081138}.Debug|x64.ActiveCfg = Debug|Any CPU
		{51EA9D0F-31DF-41DB-A760-5F8C37081138}.Debug|x64.Build.0 = Debug|Any CPU
		{51EA9D0F-31DF-41DB-A760-5F8C37081138}.Debug|x86.ActiveCfg = Debug|Any CPU
		{51EA9D0F-31DF-41DB-A760-5F8C37081138}.Debug|x86.Build.0 = Debug|Any CPU
		{51EA9D0F-31DF-41DB-A760-5F8C37081138}.Release|Any CPU.ActiveCfg = Release|Any CPU
		{51EA9D0F-31DF-41DB-A760-5F8C37081138}.Release|Any CPU.Build.0 = Release|Any CPU
		{51EA9D0F-31DF-41DB-A760-5F8C37081138}.Release|x64.ActiveCfg = Release|Any CPU
		{51EA9D0F-31DF-41DB-A760-5F8C37081138}.Release|x64.Build.0 = Release|Any CPU
		{51EA9D0F-31DF-41DB-A760-5F8C37081138}.Release|x86.ActiveCfg = Release|Any CPU
		{51EA9D0F-31DF-41DB-A760-5F8C37081138}.Release|x86.Build.0 = Release|Any CPU
		{A84371D6-9D47-4C4B-9CFD-CB243FACCDE0}.Debug|Any CPU.ActiveCfg = Debug|Any CPU
		{A84371D6-9D47-4C4B-9CFD-CB243FACCDE0}.Debug|Any CPU.Build.0 = Debug|Any CPU
		{A84371D6-9D47-4C4B-9CFD-CB243FACCDE0}.Debug|x64.ActiveCfg = Debug|Any CPU
		{A84371D6-9D47-4C4B-9CFD-CB243FACCDE0}.Debug|x64.Build.0 = Debug|Any CPU
		{A84371D6-9D47-4C4B-9CFD-CB243FACCDE0}.Debug|x86.ActiveCfg = Debug|Any CPU
		{A84371D6-9D47-4C4B-9CFD-CB243FACCDE0}.Debug|x86.Build.0 = Debug|Any CPU
		{A84371D6-9D47-4C4B-9CFD-CB243FACCDE0}.Release|Any CPU.ActiveCfg = Release|Any CPU
		{A84371D6-9D47-4C4B-9CFD-CB243FACCDE0}.Release|Any CPU.Build.0 = Release|Any CPU
		{A84371D6-9D47-4C4B-9CFD-CB243FACCDE0}.Release|x64.ActiveCfg = Release|Any CPU
		{A84371D6-9D47-4C4B-9CFD-CB243FACCDE0}.Release|x64.Build.0 = Release|Any CPU
		{A84371D6-9D47-4C4B-9CFD-CB243FACCDE0}.Release|x86.ActiveCfg = Release|Any CPU
		{A84371D6-9D47-4C4B-9CFD-CB243FACCDE0}.Release|x86.Build.0 = Release|Any CPU
		{5639EE89-0EE3-455B-9811-F9D2B96EA115}.Debug|Any CPU.ActiveCfg = Debug|Any CPU
		{5639EE89-0EE3-455B-9811-F9D2B96EA115}.Debug|Any CPU.Build.0 = Debug|Any CPU
		{5639EE89-0EE3-455B-9811-F9D2B96EA115}.Debug|x64.ActiveCfg = Debug|Any CPU
		{5639EE89-0EE3-455B-9811-F9D2B96EA115}.Debug|x64.Build.0 = Debug|Any CPU
		{5639EE89-0EE3-455B-9811-F9D2B96EA115}.Debug|x86.ActiveCfg = Debug|Any CPU
		{5639EE89-0EE3-455B-9811-F9D2B96EA115}.Debug|x86.Build.0 = Debug|Any CPU
		{5639EE89-0EE3-455B-9811-F9D2B96EA115}.Release|Any CPU.ActiveCfg = Release|Any CPU
		{5639EE89-0EE3-455B-9811-F9D2B96EA115}.Release|Any CPU.Build.0 = Release|Any CPU
		{5639EE89-0EE3-455B-9811-F9D2B96EA115}.Release|x64.ActiveCfg = Release|Any CPU
		{5639EE89-0EE3-455B-9811-F9D2B96EA115}.Release|x64.Build.0 = Release|Any CPU
		{5639EE89-0EE3-455B-9811-F9D2B96EA115}.Release|x86.ActiveCfg = Release|Any CPU
		{5639EE89-0EE3-455B-9811-F9D2B96EA115}.Release|x86.Build.0 = Release|Any CPU
	EndGlobalSection
	GlobalSection(SolutionProperties) = preSolution
		HideSolutionNode = FALSE
	EndGlobalSection
	GlobalSection(ExtensibilityGlobals) = postSolution
		SolutionGuid = {891FEAA6-411E-472E-B099-1C5F6F2601D8}
	EndGlobalSection
EndGlobal
